
Microsoft Visual Studio Solution File, Format Version 12.00
# Visual Studio 15
VisualStudioVersion = 15.0.27703.2035
MinimumVisualStudioVersion = 10.0.40219.1
Project("{8BC9CEB8-8B4A-11D0-8D11-00A0C91BC942}") = "ARGO", "ARGO.vcxproj", "{FC0D4DBA-C710-4D4A-8267-848C698A1082}"
EndProject
Project("{8BC9CEB8-8B4A-11D0-8D11-00A0C91BC942}") = "Server", "Server\Server.vcxproj", "{6D803C72-8798-4196-B6E5-7E7BC7586D42}"
EndProject
Global
	GlobalSection(SolutionConfigurationPlatforms) = preSolution
		Debug|x64 = Debug|x64
		Debug|x86 = Debug|x86
		Release|x64 = Release|x64
		Release|x86 = Release|x86
	EndGlobalSection
	GlobalSection(ProjectConfigurationPlatforms) = postSolution
		{FC0D4DBA-C710-4D4A-8267-848C698A1082}.Debug|x64.ActiveCfg = Debug|x64
		{FC0D4DBA-C710-4D4A-8267-848C698A1082}.Debug|x64.Build.0 = Debug|x64
		{FC0D4DBA-C710-4D4A-8267-848C698A1082}.Debug|x86.ActiveCfg = Debug|Win32
		{FC0D4DBA-C710-4D4A-8267-848C698A1082}.Debug|x86.Build.0 = Debug|Win32
		{FC0D4DBA-C710-4D4A-8267-848C698A1082}.Release|x64.ActiveCfg = Release|x64
		{FC0D4DBA-C710-4D4A-8267-848C698A1082}.Release|x64.Build.0 = Release|x64
		{FC0D4DBA-C710-4D4A-8267-848C698A1082}.Release|x86.ActiveCfg = Release|Win32
		{FC0D4DBA-C710-4D4A-8267-848C698A1082}.Release|x86.Build.0 = Release|Win32
		{6D803C72-8798-4196-B6E5-7E7BC7586D42}.Debug|x64.ActiveCfg = Debug|x64
		{6D803C72-8798-4196-B6E5-7E7BC7586D42}.Debug|x64.Build.0 = Debug|x64
		{6D803C72-8798-4196-B6E5-7E7BC7586D42}.Debug|x86.ActiveCfg = Debug|Win32
		{6D803C72-8798-4196-B6E5-7E7BC7586D42}.Debug|x86.Build.0 = Debug|Win32
		{6D803C72-8798-4196-B6E5-7E7BC7586D42}.Release|x64.ActiveCfg = Release|x64
		{6D803C72-8798-4196-B6E5-7E7BC7586D42}.Release|x64.Build.0 = Release|x64
		{6D803C72-8798-4196-B6E5-7E7BC7586D42}.Release|x86.ActiveCfg = Release|Win32
		{6D803C72-8798-4196-B6E5-7E7BC7586D42}.Release|x86.Build.0 = Release|Win32
	EndGlobalSection
	GlobalSection(SolutionProperties) = preSolution
		HideSolutionNode = FALSE
	EndGlobalSection
	GlobalSection(ExtensibilityGlobals) = postSolution
		SolutionGuid = {725CE707-13E0-45A1-AD28-FBAA37E4663E}
	EndGlobalSection
EndGlobal
