<?xml version="1.0" encoding="utf-8"?>
<Project ToolsVersion="4.0" xmlns="http://schemas.microsoft.com/developer/msbuild/2003">
  <ItemGroup>
    <ClCompile Include="src\ECS\Components\GraphicsComponent.cpp" />
    <ClCompile Include="src\ECS\Components\PhysicsComponent.cpp" />
    <ClCompile Include="src\ECS\Components\PositionComponent.cpp" />
    <ClCompile Include="src\ECS\Entities\Entity.cpp" />
    <ClCompile Include="src\ECS\Systems\GraphicsSystem.cpp" />
    <ClCompile Include="src\Game.cpp" />
    <ClCompile Include="src\main.cpp" />
    <ClCompile Include="src\Screens\CharacterSelect.cpp" />
    <ClCompile Include="src\Screens\Credits.cpp" />
    <ClCompile Include="src\Screens\LevelSelect.cpp" />
    <ClCompile Include="src\Screens\Menu.cpp" />
    <ClCompile Include="src\Screens\Play.cpp" />
    <ClCompile Include="src\Screens\ScreenManager.cpp" />
    <ClCompile Include="src\Screens\Settings.cpp" />
    <ClCompile Include="src\Screens\Splash.cpp" />
    <ClCompile Include="src\Screens\Title.cpp" />
    <ClCompile Include="src\ECS\Systems\PhysicsSystem.cpp" />
    <ClCompile Include="submodules\Simple-SDL2-Audio\src\audio.c" />
    <ClCompile Include="src\ECS\Systems\ControlSystem.cpp" />
    <ClCompile Include="src\ECS\Components\Controller.cpp" />
  </ItemGroup>
  <ItemGroup>
    <ClInclude Include="include\ECS\Components\Component.h" />
    <ClInclude Include="include\ECS\Components\Controller.h" />
    <ClInclude Include="include\ECS\Components\GraphicsComponent.h" />
    <ClInclude Include="include\ECS\Components\PhysicsComponent.h" />
    <ClInclude Include="include\ECS\Components\PositionComponent.h" />
    <ClInclude Include="include\ECS\Entities\Entity.h" />
    <ClInclude Include="include\ECS\Systems\GraphicsSystem.h" />
    <ClInclude Include="include\ECS\Systems\PhysicsSystem.h" />
    <ClInclude Include="include\Game.h" />
    <ClInclude Include="include\ECS\Systems\System.h" />
    <ClInclude Include="include\Screens\CharacterSelect.h" />
    <ClInclude Include="include\Screens\Credits.h" />
    <ClInclude Include="include\Screens\LevelSelect.h" />
    <ClInclude Include="include\Screens\Menu.h" />
    <ClInclude Include="include\Screens\Play.h" />
    <ClInclude Include="include\Screens\Screen.h" />
    <ClInclude Include="include\Screens\ScreenManager.h" />
    <ClInclude Include="include\Screens\Settings.h" />
    <ClInclude Include="include\Screens\Splash.h" />
    <ClInclude Include="include\Screens\Title.h" />
    <ClInclude Include="submodules\Angle\Angle.h" />
    <ClInclude Include="submodules\SDL2_Helper\SDL2Helper.h" />
    <ClInclude Include="submodules\Simple-SDL2-Audio\src\audio.h" />
    <ClInclude Include="submodules\Vector\Vector.h" />
    <ClInclude Include="include\ECS\Systems\ControlSystem.h" />
    <ClCompile Include="src\main.cpp">
      <Filter>Source Files</Filter>
    </ClCompile>
    <ClCompile Include="src\Game.cpp">
      <Filter>Source Files</Filter>
    </ClCompile>
    <ClCompile Include="src\Screens\ScreenManager.cpp">
      <Filter>Source Files</Filter>
    </ClCompile>
    <ClCompile Include="src\Screens\Splash.cpp">
      <Filter>Source Files</Filter>
    </ClCompile>
    <ClCompile Include="src\Screens\Title.cpp">
      <Filter>Source Files</Filter>
    </ClCompile>
    <ClCompile Include="src\Screens\Menu.cpp">
      <Filter>Source Files</Filter>
    </ClCompile>
    <ClCompile Include="src\Screens\LevelSelect.cpp">
      <Filter>Source Files</Filter>
    </ClCompile>
    <ClCompile Include="src\Screens\CharacterSelect.cpp">
      <Filter>Source Files</Filter>
    </ClCompile>
    <ClCompile Include="src\Screens\Credits.cpp">
      <Filter>Source Files</Filter>
    </ClCompile>
    <ClCompile Include="src\Screens\Settings.cpp">
      <Filter>Source Files</Filter>
    </ClCompile>
    <ClCompile Include="submodules\Simple-SDL2-Audio\src\audio.c">
      <Filter>Source Files</Filter>
    </ClCompile>
    <ClCompile Include="src\Screens\Levels\Winter.cpp">
      <Filter>Source Files</Filter>
    </ClCompile>
    <ClCompile Include="src\Screens\Levels\Summer.cpp">
      <Filter>Source Files</Filter>
    </ClCompile>
    <ClCompile Include="src\Screens\Levels\Spring.cpp">
      <Filter>Source Files</Filter>
    </ClCompile>
    <ClCompile Include="src\Screens\Levels\Autumn.cpp">
      <Filter>Source Files</Filter>
    </ClCompile>
    <ClCompile Include="src\ECS\Components\GraphicsComponent.cpp">
      <Filter>Source Files</Filter>
    </ClCompile>
    <ClCompile Include="src\ECS\Components\PhysicsComponent.cpp">
      <Filter>Source Files</Filter>
    </ClCompile>
    <ClCompile Include="src\ECS\Components\PositionComponent.cpp">
      <Filter>Source Files</Filter>
    </ClCompile>
    <ClCompile Include="src\ECS\Systems\PhysicsSystem.cpp">
      <Filter>Source Files</Filter>
    </ClCompile>
    <ClCompile Include="src\ECS\Entities\Entity.cpp">
      <Filter>Source Files</Filter>
    </ClCompile>
    <ClCompile Include="src\ECS\Systems\GraphicsSystem.cpp">
      <Filter>Source Files</Filter>
    </ClCompile>
    <ClCompile Include="src\ECS\Components\CollisionComponent.cpp">
      <Filter>Source Files</Filter>
    </ClCompile>
    <ClCompile Include="src\ECS\Systems\CollisionSystem.cpp">
      <Filter>Source Files</Filter>
    </ClCompile>
  </ItemGroup>
  <ItemGroup>
    <ClInclude Include="include\Game.h">
      <Filter>Header Files</Filter>
    </ClInclude>
    <ClInclude Include="submodules\SDL2_Helper\SDL2Helper.h">
      <Filter>Header Files</Filter>
    </ClInclude>
    <ClInclude Include="submodules\Vector\Vector.h">
      <Filter>Header Files</Filter>
    </ClInclude>
    <ClInclude Include="submodules\Angle\Angle.h">
      <Filter>Header Files</Filter>
    </ClInclude>
    <ClInclude Include="include\ECS\Systems\System.h">
      <Filter>Header Files</Filter>
    </ClInclude>
    <ClInclude Include="include\ECS\Entities\Entity.h">
      <Filter>Header Files</Filter>
    </ClInclude>
    <ClInclude Include="include\ECS\Components\Component.h">
      <Filter>Header Files</Filter>
    </ClInclude>
    <ClInclude Include="include\Screens\Screen.h">
      <Filter>Header Files</Filter>
    </ClInclude>
    <ClInclude Include="include\Screens\ScreenManager.h">
      <Filter>Header Files</Filter>
    </ClInclude>
    <ClInclude Include="include\Screens\Splash.h">
      <Filter>Header Files</Filter>
    </ClInclude>
    <ClInclude Include="include\Screens\Title.h">
      <Filter>Header Files</Filter>
    </ClInclude>
    <ClInclude Include="include\Screens\Menu.h">
      <Filter>Header Files</Filter>
    </ClInclude>
    <ClInclude Include="include\Screens\LevelSelect.h">
      <Filter>Header Files</Filter>
    </ClInclude>
    <ClInclude Include="include\Screens\CharacterSelect.h">
      <Filter>Header Files</Filter>
    </ClInclude>
    <ClInclude Include="include\Screens\Credits.h">
      <Filter>Header Files</Filter>
    </ClInclude>
    <ClInclude Include="include\Screens\Settings.h">
      <Filter>Header Files</Filter>
    </ClInclude>
    <ClInclude Include="submodules\Simple-SDL2-Audio\src\audio.h">
      <Filter>Header Files</Filter>
    </ClInclude>
    <ClInclude Include="include\Screens\Levels\Winter.h">
      <Filter>Header Files</Filter>
    </ClInclude>
    <ClInclude Include="include\Screens\Levels\Spring.h">
      <Filter>Header Files</Filter>
    </ClInclude>
    <ClInclude Include="include\Screens\Levels\Summer.h">
      <Filter>Header Files</Filter>
    </ClInclude>
    <ClInclude Include="include\Screens\Levels\Autumn.h">
      <Filter>Header Files</Filter>
    </ClInclude>
    <ClInclude Include="include\ECS\Components\GraphicsComponent.h">
      <Filter>Header Files</Filter>
    </ClInclude>
    <ClInclude Include="include\ECS\Components\PhysicsComponent.h">
      <Filter>Header Files</Filter>
    </ClInclude>
    <ClInclude Include="include\ECS\Components\PositionComponent.h">
      <Filter>Header Files</Filter>
    </ClInclude>
    <ClInclude Include="include\ECS\Systems\PhysicsSystem.h">
      <Filter>Header Files</Filter>
    </ClInclude>
    <ClInclude Include="include\ECS\Systems\GraphicsSystem.h">
      <Filter>Header Files</Filter>
    </ClInclude>
    <ClInclude Include="include\ECS\Components\CollisionComponent.h">
      <Filter>Header Files</Filter>
    </ClInclude>
    <ClInclude Include="include\ECS\Systems\CollisionSystem.h">
      <Filter>Header Files</Filter>
    </ClInclude>
  </ItemGroup>
</Project>