<?xml version="1.0" encoding="utf-8"?>
<Project ToolsVersion="4.0" xmlns="http://schemas.microsoft.com/developer/msbuild/2003">
  <ItemGroup>
    <ClCompile Include="src\ECS\Components\AnimationComponent.cpp" />
    <ClCompile Include="src\ECS\Components\CollisionComponent.cpp" />
    <ClCompile Include="src\ECS\Systems\CollisionSystem.cpp" />
    <ClCompile Include="src\Screens\Levels\Autumn.cpp" />
    <ClCompile Include="src\Screens\Levels\Spring.cpp" />
    <ClCompile Include="src\Screens\Levels\Summer.cpp" />
    <ClCompile Include="src\Screens\Levels\Winter.cpp" />
    <ClCompile Include="src\ECS\Components\GraphicsComponent.cpp" />
    <ClCompile Include="src\ECS\Components\PhysicsComponent.cpp" />
    <ClCompile Include="src\ECS\Components\PositionComponent.cpp" />
    <ClCompile Include="src\ECS\Entities\Entity.cpp" />
    <ClCompile Include="src\ECS\Systems\CharacterControlSystem.cpp" />
    <ClCompile Include="src\ECS\Systems\GraphicsSystem.cpp" />
    <ClCompile Include="src\Game.cpp" />
    <ClCompile Include="src\main.cpp" />
    <ClCompile Include="src\Screens\CharacterSelect.cpp" />
    <ClCompile Include="src\Screens\Credits.cpp" />
    <ClCompile Include="src\Screens\LevelSelect.cpp" />
    <ClCompile Include="src\Screens\Menu.cpp" />
    <ClCompile Include="src\Screens\ScreenManager.cpp" />
    <ClCompile Include="src\Screens\Settings.cpp" />
    <ClCompile Include="src\Screens\Splash.cpp" />
    <ClCompile Include="src\Screens\Title.cpp" />
    <ClCompile Include="src\ECS\Systems\PhysicsSystem.cpp" />
    <ClCompile Include="submodules\Simple-SDL2-Audio\src\audio.c" />
    <ClCompile Include="src\ECS\Components\ControllerComponent.cpp" />
    <ClCompile Include="src\States\JumpState.cpp" />
    <ClCompile Include="src\States\IdleState.cpp" />
    <ClCompile Include="src\States\CrouchState.cpp" />
    <ClCompile Include="src\States\MovingState.cpp" />
    <ClCompile Include="src\ECS\Entities\EntityCreator.cpp" />
    <ClCompile Include="src\ECS\Components\BoxPhysicsComponent.cpp" />
    <ClCompile Include="src\ECS\Systems\BoxPhysicsSystem.cpp" />
    <ClCompile Include="src\Client.cpp" />
    <ClCompile Include="src\Screens\Lobby.cpp" />
    <ClCompile Include="src\States\DeathState.cpp" />
    <ClCompile Include="src\States\VictoryState.cpp" />
    <ClCompile Include="src\ECS\Components\TextComponent.cpp" />
    <ClCompile Include="src\ECS\Systems\UIGraphicsSystem.cpp" />
  </ItemGroup>
  <ItemGroup>
    <ClInclude Include="include\ECS\Components\AnimationComponent.h" />
    <ClInclude Include="include\ECS\Components\CollisionComponent.h" />
    <ClInclude Include="include\ECS\Components\Component.h" />
    <ClInclude Include="include\ECS\Components\GraphicsComponent.h" />
    <ClInclude Include="include\ECS\Components\PhysicsComponent.h" />
    <ClInclude Include="include\ECS\Components\PositionComponent.h" />
    <ClInclude Include="include\ECS\Entities\Entity.h" />
    <ClInclude Include="include\ECS\Systems\CharacterControlSystem.h" />
    <ClInclude Include="include\ECS\Systems\CollisionSystem.h" />
    <ClInclude Include="include\ECS\Systems\GraphicsSystem.h" />
    <ClInclude Include="include\ECS\Systems\PhysicsSystem.h" />
    <ClInclude Include="include\Game.h" />
    <ClInclude Include="include\ECS\Systems\System.h" />
    <ClInclude Include="include\Screens\CharacterSelect.h" />
    <ClInclude Include="include\Screens\Credits.h" />
    <ClInclude Include="include\Screens\LevelSelect.h" />
    <ClInclude Include="include\Screens\Levels\Autumn.h" />
    <ClInclude Include="include\Screens\Levels\Spring.h" />
    <ClInclude Include="include\Screens\Levels\Summer.h" />
    <ClInclude Include="include\Screens\Levels\Winter.h" />
    <ClInclude Include="include\Screens\Menu.h" />
    <ClInclude Include="include\Screens\Screen.h" />
    <ClInclude Include="include\Screens\ScreenManager.h" />
    <ClInclude Include="include\Screens\Settings.h" />
    <ClInclude Include="include\Screens\Splash.h" />
    <ClInclude Include="include\Screens\Title.h" />
    <ClInclude Include="submodules\Angle\Angle.h" />
    <ClInclude Include="submodules\SDL2_Helper\SDL2Helper.h" />
    <ClInclude Include="submodules\Simple-SDL2-Audio\src\audio.h" />
    <ClInclude Include="submodules\Vector\Vector.h" />
    <ClInclude Include="include\ECS\Components\ControllerComponent.h" />
    <ClInclude Include="include\States\PlayerState.h" />
    <ClInclude Include="include\States\JumpState.h" />
    <ClInclude Include="include\States\IdleState.h" />
    <ClInclude Include="include\States\CrouchState.h" />
    <ClInclude Include="include\States\MovingState.h" />
    <ClInclude Include="include\ECS\Entities\EntityCreator.h" />
    <ClInclude Include="include\ECS\Components\BoxPhysicsComponent.h" />
    <ClInclude Include="include\ECS\Systems\BoxPhysicsSystem.h" />
    <ClInclude Include="include\Client.h" />
    <ClInclude Include="include\Screens\Lobby.h" />
    <ClInclude Include="include\Packet.h" />
    <ClInclude Include="include\States\DeathState.h" />
    <ClInclude Include="include\States\VictoryState.h" />
    <ClInclude Include="include\ECS\Components\TextComponent.h" />
    <ClInclude Include="include\ECS\Systems\UIGraphicsSystem.h" />
  </ItemGroup>
</Project>